// !$*UTF8*$!
{
	archiveVersion = 1;
	classes = {
	};
	objectVersion = 50;
	objects = {

/* Begin PBXBuildFile section */
		233D9B0B24C18EB200E037FF /* CustomeNavigationBar.swift in Sources */ = {isa = PBXBuildFile; fileRef = 233D9B0A24C18EB200E037FF /* CustomeNavigationBar.swift */; };
		233D9B1324C1F3ED00E037FF /* hiraafood_xcode_10UITests.swift in Sources */ = {isa = PBXBuildFile; fileRef = 233D9B1224C1F3ED00E037FF /* hiraafood_xcode_10UITests.swift */; };
		233D9B1B24C1FB3900E037FF /* Razorpay.framework in Frameworks */ = {isa = PBXBuildFile; fileRef = 23CA97B324BF5DE500E0B99D /* Razorpay.framework */; };
		233D9B1D24C1FB6C00E037FF /* Counter.swift in Sources */ = {isa = PBXBuildFile; fileRef = 233D9B1C24C1FB6C00E037FF /* Counter.swift */; };
		233D9B1E24C1FBF000E037FF /* Counter.swift in Sources */ = {isa = PBXBuildFile; fileRef = 233D9B1C24C1FB6C00E037FF /* Counter.swift */; };
		233D9B1F24C1FBF100E037FF /* Counter.swift in Sources */ = {isa = PBXBuildFile; fileRef = 233D9B1C24C1FB6C00E037FF /* Counter.swift */; };
		233D9B2024C1FC1A00E037FF /* ApplicationObjectModel.swift in Sources */ = {isa = PBXBuildFile; fileRef = 23CA97CC24BF84F000E0B99D /* ApplicationObjectModel.swift */; };
		233D9B2124C1FC1B00E037FF /* ApplicationObjectModel.swift in Sources */ = {isa = PBXBuildFile; fileRef = 23CA97CC24BF84F000E0B99D /* ApplicationObjectModel.swift */; };
		233D9B2224C1FC3A00E037FF /* UIGoodies.swift in Sources */ = {isa = PBXBuildFile; fileRef = 23CA97CE24BF91B000E0B99D /* UIGoodies.swift */; };
		233D9B2324C1FC3A00E037FF /* UIGoodies.swift in Sources */ = {isa = PBXBuildFile; fileRef = 23CA97CE24BF91B000E0B99D /* UIGoodies.swift */; };
		233D9B2424C1FC4200E037FF /* UIFactory.swift in Sources */ = {isa = PBXBuildFile; fileRef = 23CA977624BF5C5900E0B99D /* UIFactory.swift */; };
		233D9B2524C1FC4300E037FF /* UIFactory.swift in Sources */ = {isa = PBXBuildFile; fileRef = 23CA977624BF5C5900E0B99D /* UIFactory.swift */; };
		233D9B2624C1FC4900E037FF /* TableCell.swift in Sources */ = {isa = PBXBuildFile; fileRef = 23CA97D024BF934D00E0B99D /* TableCell.swift */; };
		233D9B2724C1FC4A00E037FF /* TableCell.swift in Sources */ = {isa = PBXBuildFile; fileRef = 23CA97D024BF934D00E0B99D /* TableCell.swift */; };
		233D9B2824C1FC4E00E037FF /* UIConstants.swift in Sources */ = {isa = PBXBuildFile; fileRef = 23CA97B824BF5EE200E0B99D /* UIConstants.swift */; };
		233D9B2924C1FC4E00E037FF /* UIConstants.swift in Sources */ = {isa = PBXBuildFile; fileRef = 23CA97B824BF5EE200E0B99D /* UIConstants.swift */; };
		233D9B2A24C1FC5400E037FF /* RandomStart.swift in Sources */ = {isa = PBXBuildFile; fileRef = 23CA97D224BF985300E0B99D /* RandomStart.swift */; };
		233D9B2B24C1FC5400E037FF /* MockServer.swift in Sources */ = {isa = PBXBuildFile; fileRef = 23CA97BC24BF651A00E0B99D /* MockServer.swift */; };
		233D9B2C24C1FC5400E037FF /* AddressSelectionView.swift in Sources */ = {isa = PBXBuildFile; fileRef = 23CA974724BF5C5400E0B99D /* AddressSelectionView.swift */; };
		233D9B2D24C1FC5400E037FF /* AddressSelectionViewController.swift in Sources */ = {isa = PBXBuildFile; fileRef = 23CA975B24BF5C5600E0B99D /* AddressSelectionViewController.swift */; };
		233D9B2E24C1FC5400E037FF /* AddressView.swift in Sources */ = {isa = PBXBuildFile; fileRef = 23CA977724BF5C5900E0B99D /* AddressView.swift */; };
		233D9B2F24C1FC5400E037FF /* CartViewController.swift in Sources */ = {isa = PBXBuildFile; fileRef = 23CA977424BF5C5900E0B99D /* CartViewController.swift */; };
		233D9B3024C1FC5400E037FF /* CheckoutViewController.swift in Sources */ = {isa = PBXBuildFile; fileRef = 23CA975C24BF5C5600E0B99D /* CheckoutViewController.swift */; };
		233D9B3124C1FC5400E037FF /* DeliveryController.swift in Sources */ = {isa = PBXBuildFile; fileRef = 23CA976824BF5C5700E0B99D /* DeliveryController.swift */; };
		233D9B3224C1FC5400E037FF /* ErrorMessage.swift in Sources */ = {isa = PBXBuildFile; fileRef = 23CA974A24BF5C5400E0B99D /* ErrorMessage.swift */; };
		233D9B3324C1FC5400E037FF /* Extension.swift in Sources */ = {isa = PBXBuildFile; fileRef = 23CA976624BF5C5700E0B99D /* Extension.swift */; };
		233D9B3424C1FC5400E037FF /* GenericTableViewController.swift in Sources */ = {isa = PBXBuildFile; fileRef = 23CA976C24BF5C5800E0B99D /* GenericTableViewController.swift */; };
		233D9B3524C1FC5400E037FF /* ImageLibrary.swift in Sources */ = {isa = PBXBuildFile; fileRef = 23CA975624BF5C5500E0B99D /* ImageLibrary.swift */; };
		233D9B3624C1FC5400E037FF /* InvoiceItemView.swift in Sources */ = {isa = PBXBuildFile; fileRef = 23CA974F24BF5C5500E0B99D /* InvoiceItemView.swift */; };
		233D9B3724C1FC5400E037FF /* InvoiceViewController.swift in Sources */ = {isa = PBXBuildFile; fileRef = 23CA976024BF5C5600E0B99D /* InvoiceViewController.swift */; };
		233D9B3824C1FC5400E037FF /* ItemCell.swift in Sources */ = {isa = PBXBuildFile; fileRef = 23CA976D24BF5C5800E0B99D /* ItemCell.swift */; };
		233D9B3924C1FC5400E037FF /* ItemView.swift in Sources */ = {isa = PBXBuildFile; fileRef = 23CA974E24BF5C5500E0B99D /* ItemView.swift */; };
		233D9B3A24C1FC5400E037FF /* KeyboardTextView.swift in Sources */ = {isa = PBXBuildFile; fileRef = 23CA976224BF5C5700E0B99D /* KeyboardTextView.swift */; };
		233D9B3B24C1FC5400E037FF /* Menu.swift in Sources */ = {isa = PBXBuildFile; fileRef = 23CA977224BF5C5900E0B99D /* Menu.swift */; };
		233D9B3C24C1FC5400E037FF /* MenuController.swift in Sources */ = {isa = PBXBuildFile; fileRef = 23CA974924BF5C5400E0B99D /* MenuController.swift */; };
		233D9B3D24C1FC5400E037FF /* MenuView.swift in Sources */ = {isa = PBXBuildFile; fileRef = 23CA975024BF5C5500E0B99D /* MenuView.swift */; };
		233D9B3E24C1FC5400E037FF /* Order.swift in Sources */ = {isa = PBXBuildFile; fileRef = 23CA975424BF5C5500E0B99D /* Order.swift */; };
		233D9B3F24C1FC5400E037FF /* OrderItemController.swift in Sources */ = {isa = PBXBuildFile; fileRef = 23CA975124BF5C5500E0B99D /* OrderItemController.swift */; };
		233D9B4024C1FC5400E037FF /* OrderItemView.swift in Sources */ = {isa = PBXBuildFile; fileRef = 23CA976424BF5C5700E0B99D /* OrderItemView.swift */; };
		233D9B4124C1FC5400E037FF /* OrderViewController.swift in Sources */ = {isa = PBXBuildFile; fileRef = 23CA976A24BF5C5800E0B99D /* OrderViewController.swift */; };
		233D9B4224C1FC5400E037FF /* PaymentController.swift in Sources */ = {isa = PBXBuildFile; fileRef = 23CA975D24BF5C5600E0B99D /* PaymentController.swift */; };
		233D9B4324C1FC5400E037FF /* RemoteServer.swift in Sources */ = {isa = PBXBuildFile; fileRef = 23CA975224BF5C5500E0B99D /* RemoteServer.swift */; };
		233D9B4424C1FC5400E037FF /* SectionHeaderView.swift in Sources */ = {isa = PBXBuildFile; fileRef = 23CA974D24BF5C5500E0B99D /* SectionHeaderView.swift */; };
		233D9B4524C1FC5400E037FF /* Server.swift in Sources */ = {isa = PBXBuildFile; fileRef = 23CA977924BF5C5900E0B99D /* Server.swift */; };
		233D9B4624C1FC5400E037FF /* ServerProtocol.swift in Sources */ = {isa = PBXBuildFile; fileRef = 23CA976524BF5C5700E0B99D /* ServerProtocol.swift */; };
		233D9B4724C1FC5400E037FF /* SizedTableView.swift in Sources */ = {isa = PBXBuildFile; fileRef = 23CA977A24BF5C5900E0B99D /* SizedTableView.swift */; };
		233D9B4824C1FC5400E037FF /* SizedTextView.swift in Sources */ = {isa = PBXBuildFile; fileRef = 23CA977124BF5C5800E0B99D /* SizedTextView.swift */; };
		233D9B4924C1FC5400E037FF /* Storage.swift in Sources */ = {isa = PBXBuildFile; fileRef = 23CA976124BF5C5600E0B99D /* Storage.swift */; };
		233D9B4A24C1FC5400E037FF /* WelcomeViewController.swift in Sources */ = {isa = PBXBuildFile; fileRef = 23CA976924BF5C5700E0B99D /* WelcomeViewController.swift */; };
		233D9B4B24C1FC5400E037FF /* Shim.swift in Sources */ = {isa = PBXBuildFile; fileRef = 23CA97BA24BF615E00E0B99D /* Shim.swift */; };
		233D9B4C24C1FC5400E037FF /* CustomeNavigationBar.swift in Sources */ = {isa = PBXBuildFile; fileRef = 233D9B0A24C18EB200E037FF /* CustomeNavigationBar.swift */; };
		233D9B4D24C1FC5500E037FF /* RandomStart.swift in Sources */ = {isa = PBXBuildFile; fileRef = 23CA97D224BF985300E0B99D /* RandomStart.swift */; };
		233D9B4E24C1FC5500E037FF /* MockServer.swift in Sources */ = {isa = PBXBuildFile; fileRef = 23CA97BC24BF651A00E0B99D /* MockServer.swift */; };
		233D9B4F24C1FC5500E037FF /* AddressSelectionView.swift in Sources */ = {isa = PBXBuildFile; fileRef = 23CA974724BF5C5400E0B99D /* AddressSelectionView.swift */; };
		233D9B5024C1FC5500E037FF /* AddressSelectionViewController.swift in Sources */ = {isa = PBXBuildFile; fileRef = 23CA975B24BF5C5600E0B99D /* AddressSelectionViewController.swift */; };
		233D9B5124C1FC5500E037FF /* AddressView.swift in Sources */ = {isa = PBXBuildFile; fileRef = 23CA977724BF5C5900E0B99D /* AddressView.swift */; };
		233D9B5224C1FC5500E037FF /* CartViewController.swift in Sources */ = {isa = PBXBuildFile; fileRef = 23CA977424BF5C5900E0B99D /* CartViewController.swift */; };
		233D9B5324C1FC5500E037FF /* CheckoutViewController.swift in Sources */ = {isa = PBXBuildFile; fileRef = 23CA975C24BF5C5600E0B99D /* CheckoutViewController.swift */; };
		233D9B5424C1FC5500E037FF /* DeliveryController.swift in Sources */ = {isa = PBXBuildFile; fileRef = 23CA976824BF5C5700E0B99D /* DeliveryController.swift */; };
		233D9B5524C1FC5500E037FF /* ErrorMessage.swift in Sources */ = {isa = PBXBuildFile; fileRef = 23CA974A24BF5C5400E0B99D /* ErrorMessage.swift */; };
		233D9B5624C1FC5500E037FF /* Extension.swift in Sources */ = {isa = PBXBuildFile; fileRef = 23CA976624BF5C5700E0B99D /* Extension.swift */; };
		233D9B5724C1FC5500E037FF /* GenericTableViewController.swift in Sources */ = {isa = PBXBuildFile; fileRef = 23CA976C24BF5C5800E0B99D /* GenericTableViewController.swift */; };
		233D9B5824C1FC5500E037FF /* ImageLibrary.swift in Sources */ = {isa = PBXBuildFile; fileRef = 23CA975624BF5C5500E0B99D /* ImageLibrary.swift */; };
		233D9B5924C1FC5500E037FF /* InvoiceItemView.swift in Sources */ = {isa = PBXBuildFile; fileRef = 23CA974F24BF5C5500E0B99D /* InvoiceItemView.swift */; };
		233D9B5A24C1FC5500E037FF /* InvoiceViewController.swift in Sources */ = {isa = PBXBuildFile; fileRef = 23CA976024BF5C5600E0B99D /* InvoiceViewController.swift */; };
		233D9B5B24C1FC5500E037FF /* ItemCell.swift in Sources */ = {isa = PBXBuildFile; fileRef = 23CA976D24BF5C5800E0B99D /* ItemCell.swift */; };
		233D9B5C24C1FC5500E037FF /* ItemView.swift in Sources */ = {isa = PBXBuildFile; fileRef = 23CA974E24BF5C5500E0B99D /* ItemView.swift */; };
		233D9B5D24C1FC5500E037FF /* KeyboardTextView.swift in Sources */ = {isa = PBXBuildFile; fileRef = 23CA976224BF5C5700E0B99D /* KeyboardTextView.swift */; };
		233D9B5E24C1FC5500E037FF /* Menu.swift in Sources */ = {isa = PBXBuildFile; fileRef = 23CA977224BF5C5900E0B99D /* Menu.swift */; };
		233D9B5F24C1FC5500E037FF /* MenuController.swift in Sources */ = {isa = PBXBuildFile; fileRef = 23CA974924BF5C5400E0B99D /* MenuController.swift */; };
		233D9B6024C1FC5500E037FF /* MenuView.swift in Sources */ = {isa = PBXBuildFile; fileRef = 23CA975024BF5C5500E0B99D /* MenuView.swift */; };
		233D9B6124C1FC5500E037FF /* Order.swift in Sources */ = {isa = PBXBuildFile; fileRef = 23CA975424BF5C5500E0B99D /* Order.swift */; };
		233D9B6224C1FC5500E037FF /* OrderItemController.swift in Sources */ = {isa = PBXBuildFile; fileRef = 23CA975124BF5C5500E0B99D /* OrderItemController.swift */; };
		233D9B6324C1FC5500E037FF /* OrderItemView.swift in Sources */ = {isa = PBXBuildFile; fileRef = 23CA976424BF5C5700E0B99D /* OrderItemView.swift */; };
		233D9B6424C1FC5500E037FF /* OrderViewController.swift in Sources */ = {isa = PBXBuildFile; fileRef = 23CA976A24BF5C5800E0B99D /* OrderViewController.swift */; };
		233D9B6524C1FC5500E037FF /* PaymentController.swift in Sources */ = {isa = PBXBuildFile; fileRef = 23CA975D24BF5C5600E0B99D /* PaymentController.swift */; };
		233D9B6624C1FC5500E037FF /* RemoteServer.swift in Sources */ = {isa = PBXBuildFile; fileRef = 23CA975224BF5C5500E0B99D /* RemoteServer.swift */; };
		233D9B6724C1FC5500E037FF /* SectionHeaderView.swift in Sources */ = {isa = PBXBuildFile; fileRef = 23CA974D24BF5C5500E0B99D /* SectionHeaderView.swift */; };
		233D9B6824C1FC5500E037FF /* Server.swift in Sources */ = {isa = PBXBuildFile; fileRef = 23CA977924BF5C5900E0B99D /* Server.swift */; };
		233D9B6924C1FC5500E037FF /* ServerProtocol.swift in Sources */ = {isa = PBXBuildFile; fileRef = 23CA976524BF5C5700E0B99D /* ServerProtocol.swift */; };
		233D9B6A24C1FC5500E037FF /* SizedTableView.swift in Sources */ = {isa = PBXBuildFile; fileRef = 23CA977A24BF5C5900E0B99D /* SizedTableView.swift */; };
		233D9B6B24C1FC5500E037FF /* SizedTextView.swift in Sources */ = {isa = PBXBuildFile; fileRef = 23CA977124BF5C5800E0B99D /* SizedTextView.swift */; };
		233D9B6C24C1FC5500E037FF /* Storage.swift in Sources */ = {isa = PBXBuildFile; fileRef = 23CA976124BF5C5600E0B99D /* Storage.swift */; };
		233D9B6D24C1FC5500E037FF /* WelcomeViewController.swift in Sources */ = {isa = PBXBuildFile; fileRef = 23CA976924BF5C5700E0B99D /* WelcomeViewController.swift */; };
		233D9B6E24C1FC5500E037FF /* Shim.swift in Sources */ = {isa = PBXBuildFile; fileRef = 23CA97BA24BF615E00E0B99D /* Shim.swift */; };
		233D9B6F24C1FC5500E037FF /* CustomeNavigationBar.swift in Sources */ = {isa = PBXBuildFile; fileRef = 233D9B0A24C18EB200E037FF /* CustomeNavigationBar.swift */; };
		233D9B7024C1FCA100E037FF /* Razorpay.framework in Frameworks */ = {isa = PBXBuildFile; fileRef = 23CA97B324BF5DE500E0B99D /* Razorpay.framework */; };
		233D9B7124C1FDD200E037FF /* AppDelegate.swift in Sources */ = {isa = PBXBuildFile; fileRef = 23CA973424BF578B00E0B99D /* AppDelegate.swift */; };
		233D9B7224C1FDD200E037FF /* AppDelegate.swift in Sources */ = {isa = PBXBuildFile; fileRef = 23CA973424BF578B00E0B99D /* AppDelegate.swift */; };
		23CA973524BF578B00E0B99D /* AppDelegate.swift in Sources */ = {isa = PBXBuildFile; fileRef = 23CA973424BF578B00E0B99D /* AppDelegate.swift */; };
		23CA973C24BF579100E0B99D /* Assets.xcassets in Resources */ = {isa = PBXBuildFile; fileRef = 23CA973B24BF579100E0B99D /* Assets.xcassets */; };
		23CA973F24BF579100E0B99D /* LaunchScreen.storyboard in Resources */ = {isa = PBXBuildFile; fileRef = 23CA973D24BF579100E0B99D /* LaunchScreen.storyboard */; };
		23CA977D24BF5C5A00E0B99D /* AddressSelectionView.swift in Sources */ = {isa = PBXBuildFile; fileRef = 23CA974724BF5C5400E0B99D /* AddressSelectionView.swift */; };
		23CA977F24BF5C5A00E0B99D /* MenuController.swift in Sources */ = {isa = PBXBuildFile; fileRef = 23CA974924BF5C5400E0B99D /* MenuController.swift */; };
		23CA978024BF5C5A00E0B99D /* ErrorMessage.swift in Sources */ = {isa = PBXBuildFile; fileRef = 23CA974A24BF5C5400E0B99D /* ErrorMessage.swift */; };
		23CA978324BF5C5A00E0B99D /* SectionHeaderView.swift in Sources */ = {isa = PBXBuildFile; fileRef = 23CA974D24BF5C5500E0B99D /* SectionHeaderView.swift */; };
		23CA978424BF5C5A00E0B99D /* ItemView.swift in Sources */ = {isa = PBXBuildFile; fileRef = 23CA974E24BF5C5500E0B99D /* ItemView.swift */; };
		23CA978524BF5C5A00E0B99D /* InvoiceItemView.swift in Sources */ = {isa = PBXBuildFile; fileRef = 23CA974F24BF5C5500E0B99D /* InvoiceItemView.swift */; };
		23CA978624BF5C5A00E0B99D /* MenuView.swift in Sources */ = {isa = PBXBuildFile; fileRef = 23CA975024BF5C5500E0B99D /* MenuView.swift */; };
		23CA978724BF5C5A00E0B99D /* OrderItemController.swift in Sources */ = {isa = PBXBuildFile; fileRef = 23CA975124BF5C5500E0B99D /* OrderItemController.swift */; };
		23CA978824BF5C5A00E0B99D /* RemoteServer.swift in Sources */ = {isa = PBXBuildFile; fileRef = 23CA975224BF5C5500E0B99D /* RemoteServer.swift */; };
		23CA978A24BF5C5A00E0B99D /* Order.swift in Sources */ = {isa = PBXBuildFile; fileRef = 23CA975424BF5C5500E0B99D /* Order.swift */; };
		23CA978C24BF5C5A00E0B99D /* ImageLibrary.swift in Sources */ = {isa = PBXBuildFile; fileRef = 23CA975624BF5C5500E0B99D /* ImageLibrary.swift */; };
		23CA979124BF5C5A00E0B99D /* AddressSelectionViewController.swift in Sources */ = {isa = PBXBuildFile; fileRef = 23CA975B24BF5C5600E0B99D /* AddressSelectionViewController.swift */; };
		23CA979224BF5C5A00E0B99D /* CheckoutViewController.swift in Sources */ = {isa = PBXBuildFile; fileRef = 23CA975C24BF5C5600E0B99D /* CheckoutViewController.swift */; };
		23CA979324BF5C5A00E0B99D /* PaymentController.swift in Sources */ = {isa = PBXBuildFile; fileRef = 23CA975D24BF5C5600E0B99D /* PaymentController.swift */; };
		23CA979624BF5C5A00E0B99D /* InvoiceViewController.swift in Sources */ = {isa = PBXBuildFile; fileRef = 23CA976024BF5C5600E0B99D /* InvoiceViewController.swift */; };
		23CA979724BF5C5A00E0B99D /* Storage.swift in Sources */ = {isa = PBXBuildFile; fileRef = 23CA976124BF5C5600E0B99D /* Storage.swift */; };
		23CA979824BF5C5A00E0B99D /* KeyboardTextView.swift in Sources */ = {isa = PBXBuildFile; fileRef = 23CA976224BF5C5700E0B99D /* KeyboardTextView.swift */; };
		23CA979A24BF5C5A00E0B99D /* OrderItemView.swift in Sources */ = {isa = PBXBuildFile; fileRef = 23CA976424BF5C5700E0B99D /* OrderItemView.swift */; };
		23CA979B24BF5C5A00E0B99D /* ServerProtocol.swift in Sources */ = {isa = PBXBuildFile; fileRef = 23CA976524BF5C5700E0B99D /* ServerProtocol.swift */; };
		23CA979C24BF5C5A00E0B99D /* Extension.swift in Sources */ = {isa = PBXBuildFile; fileRef = 23CA976624BF5C5700E0B99D /* Extension.swift */; };
		23CA979E24BF5C5A00E0B99D /* DeliveryController.swift in Sources */ = {isa = PBXBuildFile; fileRef = 23CA976824BF5C5700E0B99D /* DeliveryController.swift */; };
		23CA979F24BF5C5A00E0B99D /* WelcomeViewController.swift in Sources */ = {isa = PBXBuildFile; fileRef = 23CA976924BF5C5700E0B99D /* WelcomeViewController.swift */; };
		23CA97A024BF5C5A00E0B99D /* OrderViewController.swift in Sources */ = {isa = PBXBuildFile; fileRef = 23CA976A24BF5C5800E0B99D /* OrderViewController.swift */; };
		23CA97A224BF5C5A00E0B99D /* GenericTableViewController.swift in Sources */ = {isa = PBXBuildFile; fileRef = 23CA976C24BF5C5800E0B99D /* GenericTableViewController.swift */; };
		23CA97A324BF5C5A00E0B99D /* ItemCell.swift in Sources */ = {isa = PBXBuildFile; fileRef = 23CA976D24BF5C5800E0B99D /* ItemCell.swift */; };
		23CA97A724BF5C5A00E0B99D /* SizedTextView.swift in Sources */ = {isa = PBXBuildFile; fileRef = 23CA977124BF5C5800E0B99D /* SizedTextView.swift */; };
		23CA97A824BF5C5A00E0B99D /* Menu.swift in Sources */ = {isa = PBXBuildFile; fileRef = 23CA977224BF5C5900E0B99D /* Menu.swift */; };
		23CA97AA24BF5C5A00E0B99D /* CartViewController.swift in Sources */ = {isa = PBXBuildFile; fileRef = 23CA977424BF5C5900E0B99D /* CartViewController.swift */; };
		23CA97AC24BF5C5A00E0B99D /* UIFactory.swift in Sources */ = {isa = PBXBuildFile; fileRef = 23CA977624BF5C5900E0B99D /* UIFactory.swift */; };
		23CA97AD24BF5C5A00E0B99D /* AddressView.swift in Sources */ = {isa = PBXBuildFile; fileRef = 23CA977724BF5C5900E0B99D /* AddressView.swift */; };
		23CA97AF24BF5C5A00E0B99D /* Server.swift in Sources */ = {isa = PBXBuildFile; fileRef = 23CA977924BF5C5900E0B99D /* Server.swift */; };
		23CA97B024BF5C5A00E0B99D /* SizedTableView.swift in Sources */ = {isa = PBXBuildFile; fileRef = 23CA977A24BF5C5900E0B99D /* SizedTableView.swift */; };
		23CA97B624BF5E0F00E0B99D /* Razorpay.framework in Embed Frameworks */ = {isa = PBXBuildFile; fileRef = 23CA97B324BF5DE500E0B99D /* Razorpay.framework */; settings = {ATTRIBUTES = (CodeSignOnCopy, RemoveHeadersOnCopy, ); }; };
		23CA97B924BF5EE200E0B99D /* UIConstants.swift in Sources */ = {isa = PBXBuildFile; fileRef = 23CA97B824BF5EE200E0B99D /* UIConstants.swift */; };
		23CA97BB24BF615E00E0B99D /* Shim.swift in Sources */ = {isa = PBXBuildFile; fileRef = 23CA97BA24BF615E00E0B99D /* Shim.swift */; };
		23CA97BD24BF651A00E0B99D /* MockServer.swift in Sources */ = {isa = PBXBuildFile; fileRef = 23CA97BC24BF651A00E0B99D /* MockServer.swift */; };
		23CA97C524BF802800E0B99D /* hiraafood_xcode_10_Tests.swift in Sources */ = {isa = PBXBuildFile; fileRef = 23CA97C424BF802800E0B99D /* hiraafood_xcode_10_Tests.swift */; };
		23CA97CD24BF84F000E0B99D /* ApplicationObjectModel.swift in Sources */ = {isa = PBXBuildFile; fileRef = 23CA97CC24BF84F000E0B99D /* ApplicationObjectModel.swift */; };
		23CA97CF24BF91B000E0B99D /* UIGoodies.swift in Sources */ = {isa = PBXBuildFile; fileRef = 23CA97CE24BF91B000E0B99D /* UIGoodies.swift */; };
		23CA97D124BF934D00E0B99D /* TableCell.swift in Sources */ = {isa = PBXBuildFile; fileRef = 23CA97D024BF934D00E0B99D /* TableCell.swift */; };
		23CA97D324BF985400E0B99D /* RandomStart.swift in Sources */ = {isa = PBXBuildFile; fileRef = 23CA97D224BF985300E0B99D /* RandomStart.swift */; };
/* End PBXBuildFile section */

/* Begin PBXContainerItemProxy section */
		233D9B1524C1F3ED00E037FF /* PBXContainerItemProxy */ = {
			isa = PBXContainerItemProxy;
			containerPortal = 23CA972924BF578B00E0B99D /* Project object */;
			proxyType = 1;
			remoteGlobalIDString = 23CA973024BF578B00E0B99D;
			remoteInfo = "hiraafood-xcode-10";
		};
		23CA97C724BF802800E0B99D /* PBXContainerItemProxy */ = {
			isa = PBXContainerItemProxy;
			containerPortal = 23CA972924BF578B00E0B99D /* Project object */;
			proxyType = 1;
			remoteGlobalIDString = 23CA973024BF578B00E0B99D;
			remoteInfo = "hiraafood-xcode-10";
		};
/* End PBXContainerItemProxy section */

/* Begin PBXCopyFilesBuildPhase section */
		23CA97B724BF5E0F00E0B99D /* Embed Frameworks */ = {
			isa = PBXCopyFilesBuildPhase;
			buildActionMask = 2147483647;
			dstPath = "";
			dstSubfolderSpec = 10;
			files = (
				23CA97B624BF5E0F00E0B99D /* Razorpay.framework in Embed Frameworks */,
			);
			name = "Embed Frameworks";
			runOnlyForDeploymentPostprocessing = 0;
		};
/* End PBXCopyFilesBuildPhase section */

/* Begin PBXFileReference section */
		233D9B0A24C18EB200E037FF /* CustomeNavigationBar.swift */ = {isa = PBXFileReference; lastKnownFileType = sourcecode.swift; path = CustomeNavigationBar.swift; sourceTree = "<group>"; };
		233D9B1024C1F3ED00E037FF /* hiraafood-xcode-10UITests.xctest */ = {isa = PBXFileReference; explicitFileType = wrapper.cfbundle; includeInIndex = 0; path = "hiraafood-xcode-10UITests.xctest"; sourceTree = BUILT_PRODUCTS_DIR; };
		233D9B1224C1F3ED00E037FF /* hiraafood_xcode_10UITests.swift */ = {isa = PBXFileReference; lastKnownFileType = sourcecode.swift; path = hiraafood_xcode_10UITests.swift; sourceTree = "<group>"; };
		233D9B1424C1F3ED00E037FF /* Info.plist */ = {isa = PBXFileReference; lastKnownFileType = text.plist.xml; path = Info.plist; sourceTree = "<group>"; };
		233D9B1C24C1FB6C00E037FF /* Counter.swift */ = {isa = PBXFileReference; lastKnownFileType = sourcecode.swift; path = Counter.swift; sourceTree = "<group>"; };
		23CA973124BF578B00E0B99D /* hiraafood-xcode-10.app */ = {isa = PBXFileReference; explicitFileType = wrapper.application; includeInIndex = 0; path = "hiraafood-xcode-10.app"; sourceTree = BUILT_PRODUCTS_DIR; };
		23CA973424BF578B00E0B99D /* AppDelegate.swift */ = {isa = PBXFileReference; lastKnownFileType = sourcecode.swift; path = AppDelegate.swift; sourceTree = "<group>"; };
		23CA973B24BF579100E0B99D /* Assets.xcassets */ = {isa = PBXFileReference; lastKnownFileType = folder.assetcatalog; path = Assets.xcassets; sourceTree = "<group>"; };
		23CA973E24BF579100E0B99D /* Base */ = {isa = PBXFileReference; lastKnownFileType = file.storyboard; name = Base; path = Base.lproj/LaunchScreen.storyboard; sourceTree = "<group>"; };
		23CA974024BF579100E0B99D /* Info.plist */ = {isa = PBXFileReference; lastKnownFileType = text.plist.xml; path = Info.plist; sourceTree = "<group>"; };
		23CA974724BF5C5400E0B99D /* AddressSelectionView.swift */ = {isa = PBXFileReference; fileEncoding = 4; lastKnownFileType = sourcecode.swift; path = AddressSelectionView.swift; sourceTree = "<group>"; };
		23CA974924BF5C5400E0B99D /* MenuController.swift */ = {isa = PBXFileReference; fileEncoding = 4; lastKnownFileType = sourcecode.swift; path = MenuController.swift; sourceTree = "<group>"; };
		23CA974A24BF5C5400E0B99D /* ErrorMessage.swift */ = {isa = PBXFileReference; fileEncoding = 4; lastKnownFileType = sourcecode.swift; path = ErrorMessage.swift; sourceTree = "<group>"; };
		23CA974D24BF5C5500E0B99D /* SectionHeaderView.swift */ = {isa = PBXFileReference; fileEncoding = 4; lastKnownFileType = sourcecode.swift; path = SectionHeaderView.swift; sourceTree = "<group>"; };
		23CA974E24BF5C5500E0B99D /* ItemView.swift */ = {isa = PBXFileReference; fileEncoding = 4; lastKnownFileType = sourcecode.swift; path = ItemView.swift; sourceTree = "<group>"; };
		23CA974F24BF5C5500E0B99D /* InvoiceItemView.swift */ = {isa = PBXFileReference; fileEncoding = 4; lastKnownFileType = sourcecode.swift; path = InvoiceItemView.swift; sourceTree = "<group>"; };
		23CA975024BF5C5500E0B99D /* MenuView.swift */ = {isa = PBXFileReference; fileEncoding = 4; lastKnownFileType = sourcecode.swift; path = MenuView.swift; sourceTree = "<group>"; };
		23CA975124BF5C5500E0B99D /* OrderItemController.swift */ = {isa = PBXFileReference; fileEncoding = 4; lastKnownFileType = sourcecode.swift; path = OrderItemController.swift; sourceTree = "<group>"; };
		23CA975224BF5C5500E0B99D /* RemoteServer.swift */ = {isa = PBXFileReference; fileEncoding = 4; lastKnownFileType = sourcecode.swift; path = RemoteServer.swift; sourceTree = "<group>"; };
		23CA975424BF5C5500E0B99D /* Order.swift */ = {isa = PBXFileReference; fileEncoding = 4; lastKnownFileType = sourcecode.swift; path = Order.swift; sourceTree = "<group>"; };
		23CA975624BF5C5500E0B99D /* ImageLibrary.swift */ = {isa = PBXFileReference; fileEncoding = 4; lastKnownFileType = sourcecode.swift; path = ImageLibrary.swift; sourceTree = "<group>"; };
		23CA975B24BF5C5600E0B99D /* AddressSelectionViewController.swift */ = {isa = PBXFileReference; fileEncoding = 4; lastKnownFileType = sourcecode.swift; path = AddressSelectionViewController.swift; sourceTree = "<group>"; };
		23CA975C24BF5C5600E0B99D /* CheckoutViewController.swift */ = {isa = PBXFileReference; fileEncoding = 4; lastKnownFileType = sourcecode.swift; path = CheckoutViewController.swift; sourceTree = "<group>"; };
		23CA975D24BF5C5600E0B99D /* PaymentController.swift */ = {isa = PBXFileReference; fileEncoding = 4; lastKnownFileType = sourcecode.swift; path = PaymentController.swift; sourceTree = "<group>"; };
		23CA976024BF5C5600E0B99D /* InvoiceViewController.swift */ = {isa = PBXFileReference; fileEncoding = 4; lastKnownFileType = sourcecode.swift; path = InvoiceViewController.swift; sourceTree = "<group>"; };
		23CA976124BF5C5600E0B99D /* Storage.swift */ = {isa = PBXFileReference; fileEncoding = 4; lastKnownFileType = sourcecode.swift; path = Storage.swift; sourceTree = "<group>"; };
		23CA976224BF5C5700E0B99D /* KeyboardTextView.swift */ = {isa = PBXFileReference; fileEncoding = 4; lastKnownFileType = sourcecode.swift; path = KeyboardTextView.swift; sourceTree = "<group>"; };
		23CA976424BF5C5700E0B99D /* OrderItemView.swift */ = {isa = PBXFileReference; fileEncoding = 4; lastKnownFileType = sourcecode.swift; path = OrderItemView.swift; sourceTree = "<group>"; };
		23CA976524BF5C5700E0B99D /* ServerProtocol.swift */ = {isa = PBXFileReference; fileEncoding = 4; lastKnownFileType = sourcecode.swift; path = ServerProtocol.swift; sourceTree = "<group>"; };
		23CA976624BF5C5700E0B99D /* Extension.swift */ = {isa = PBXFileReference; fileEncoding = 4; lastKnownFileType = sourcecode.swift; path = Extension.swift; sourceTree = "<group>"; };
		23CA976824BF5C5700E0B99D /* DeliveryController.swift */ = {isa = PBXFileReference; fileEncoding = 4; lastKnownFileType = sourcecode.swift; path = DeliveryController.swift; sourceTree = "<group>"; };
		23CA976924BF5C5700E0B99D /* WelcomeViewController.swift */ = {isa = PBXFileReference; fileEncoding = 4; lastKnownFileType = sourcecode.swift; path = WelcomeViewController.swift; sourceTree = "<group>"; };
		23CA976A24BF5C5800E0B99D /* OrderViewController.swift */ = {isa = PBXFileReference; fileEncoding = 4; lastKnownFileType = sourcecode.swift; path = OrderViewController.swift; sourceTree = "<group>"; };
		23CA976C24BF5C5800E0B99D /* GenericTableViewController.swift */ = {isa = PBXFileReference; fileEncoding = 4; lastKnownFileType = sourcecode.swift; path = GenericTableViewController.swift; sourceTree = "<group>"; };
		23CA976D24BF5C5800E0B99D /* ItemCell.swift */ = {isa = PBXFileReference; fileEncoding = 4; lastKnownFileType = sourcecode.swift; path = ItemCell.swift; sourceTree = "<group>"; };
		23CA977124BF5C5800E0B99D /* SizedTextView.swift */ = {isa = PBXFileReference; fileEncoding = 4; lastKnownFileType = sourcecode.swift; path = SizedTextView.swift; sourceTree = "<group>"; };
		23CA977224BF5C5900E0B99D /* Menu.swift */ = {isa = PBXFileReference; fileEncoding = 4; lastKnownFileType = sourcecode.swift; path = Menu.swift; sourceTree = "<group>"; };
		23CA977424BF5C5900E0B99D /* CartViewController.swift */ = {isa = PBXFileReference; fileEncoding = 4; lastKnownFileType = sourcecode.swift; path = CartViewController.swift; sourceTree = "<group>"; };
		23CA977624BF5C5900E0B99D /* UIFactory.swift */ = {isa = PBXFileReference; fileEncoding = 4; lastKnownFileType = sourcecode.swift; path = UIFactory.swift; sourceTree = "<group>"; };
		23CA977724BF5C5900E0B99D /* AddressView.swift */ = {isa = PBXFileReference; fileEncoding = 4; lastKnownFileType = sourcecode.swift; path = AddressView.swift; sourceTree = "<group>"; };
		23CA977924BF5C5900E0B99D /* Server.swift */ = {isa = PBXFileReference; fileEncoding = 4; lastKnownFileType = sourcecode.swift; path = Server.swift; sourceTree = "<group>"; };
		23CA977A24BF5C5900E0B99D /* SizedTableView.swift */ = {isa = PBXFileReference; fileEncoding = 4; lastKnownFileType = sourcecode.swift; path = SizedTableView.swift; sourceTree = "<group>"; };
		23CA97B324BF5DE500E0B99D /* Razorpay.framework */ = {isa = PBXFileReference; lastKnownFileType = wrapper.framework; path = Razorpay.framework; sourceTree = "<group>"; };
		23CA97B824BF5EE200E0B99D /* UIConstants.swift */ = {isa = PBXFileReference; fileEncoding = 4; lastKnownFileType = sourcecode.swift; path = UIConstants.swift; sourceTree = "<group>"; };
		23CA97BA24BF615E00E0B99D /* Shim.swift */ = {isa = PBXFileReference; lastKnownFileType = sourcecode.swift; path = Shim.swift; sourceTree = "<group>"; };
		23CA97BC24BF651A00E0B99D /* MockServer.swift */ = {isa = PBXFileReference; fileEncoding = 4; lastKnownFileType = sourcecode.swift; path = MockServer.swift; sourceTree = "<group>"; };
		23CA97C224BF802800E0B99D /* hiraafood-xcode-10-Tests.xctest */ = {isa = PBXFileReference; explicitFileType = wrapper.cfbundle; includeInIndex = 0; path = "hiraafood-xcode-10-Tests.xctest"; sourceTree = BUILT_PRODUCTS_DIR; };
		23CA97C424BF802800E0B99D /* hiraafood_xcode_10_Tests.swift */ = {isa = PBXFileReference; lastKnownFileType = sourcecode.swift; path = hiraafood_xcode_10_Tests.swift; sourceTree = "<group>"; };
		23CA97C624BF802800E0B99D /* Info.plist */ = {isa = PBXFileReference; lastKnownFileType = text.plist.xml; path = Info.plist; sourceTree = "<group>"; };
		23CA97CC24BF84F000E0B99D /* ApplicationObjectModel.swift */ = {isa = PBXFileReference; lastKnownFileType = sourcecode.swift; path = ApplicationObjectModel.swift; sourceTree = "<group>"; };
		23CA97CE24BF91B000E0B99D /* UIGoodies.swift */ = {isa = PBXFileReference; lastKnownFileType = sourcecode.swift; path = UIGoodies.swift; sourceTree = "<group>"; };
		23CA97D024BF934D00E0B99D /* TableCell.swift */ = {isa = PBXFileReference; fileEncoding = 4; lastKnownFileType = sourcecode.swift; path = TableCell.swift; sourceTree = "<group>"; };
		23CA97D224BF985300E0B99D /* RandomStart.swift */ = {isa = PBXFileReference; fileEncoding = 4; lastKnownFileType = sourcecode.swift; path = RandomStart.swift; sourceTree = "<group>"; };
/* End PBXFileReference section */

/* Begin PBXFrameworksBuildPhase section */
		233D9B0D24C1F3ED00E037FF /* Frameworks */ = {
			isa = PBXFrameworksBuildPhase;
			buildActionMask = 2147483647;
			files = (
				233D9B1B24C1FB3900E037FF /* Razorpay.framework in Frameworks */,
			);
			runOnlyForDeploymentPostprocessing = 0;
		};
		23CA972E24BF578B00E0B99D /* Frameworks */ = {
			isa = PBXFrameworksBuildPhase;
			buildActionMask = 2147483647;
			files = (
			);
			runOnlyForDeploymentPostprocessing = 0;
		};
		23CA97BF24BF802800E0B99D /* Frameworks */ = {
			isa = PBXFrameworksBuildPhase;
			buildActionMask = 2147483647;
			files = (
				233D9B7024C1FCA100E037FF /* Razorpay.framework in Frameworks */,
			);
			runOnlyForDeploymentPostprocessing = 0;
		};
/* End PBXFrameworksBuildPhase section */

/* Begin PBXGroup section */
		233D9B1124C1F3ED00E037FF /* hiraafood-xcode-10UITests */ = {
			isa = PBXGroup;
			children = (
				233D9B1224C1F3ED00E037FF /* hiraafood_xcode_10UITests.swift */,
				233D9B1424C1F3ED00E037FF /* Info.plist */,
			);
			path = "hiraafood-xcode-10UITests";
			sourceTree = "<group>";
		};
		233D9B1A24C1FB3900E037FF /* Frameworks */ = {
			isa = PBXGroup;
			children = (
			);
			name = Frameworks;
			sourceTree = "<group>";
		};
		23CA972824BF578B00E0B99D = {
			isa = PBXGroup;
			children = (
				23CA973324BF578B00E0B99D /* hiraafood-xcode-10 */,
				23CA97C324BF802800E0B99D /* hiraafood-xcode-10-Tests */,
				233D9B1124C1F3ED00E037FF /* hiraafood-xcode-10UITests */,
				23CA973224BF578B00E0B99D /* Products */,
				233D9B1A24C1FB3900E037FF /* Frameworks */,
			);
			sourceTree = "<group>";
		};
		23CA973224BF578B00E0B99D /* Products */ = {
			isa = PBXGroup;
			children = (
				23CA973124BF578B00E0B99D /* hiraafood-xcode-10.app */,
				23CA97C224BF802800E0B99D /* hiraafood-xcode-10-Tests.xctest */,
				233D9B1024C1F3ED00E037FF /* hiraafood-xcode-10UITests.xctest */,
			);
			name = Products;
			sourceTree = "<group>";
		};
		23CA973324BF578B00E0B99D /* hiraafood-xcode-10 */ = {
			isa = PBXGroup;
			children = (
				23CA97B324BF5DE500E0B99D /* Razorpay.framework */,
				23CA974624BF59E600E0B99D /* src */,
				23CA973424BF578B00E0B99D /* AppDelegate.swift */,
				23CA973B24BF579100E0B99D /* Assets.xcassets */,
				23CA973D24BF579100E0B99D /* LaunchScreen.storyboard */,
				23CA974024BF579100E0B99D /* Info.plist */,
			);
			path = "hiraafood-xcode-10";
			sourceTree = "<group>";
		};
		23CA974624BF59E600E0B99D /* src */ = {
			isa = PBXGroup;
			children = (
				23CA97D224BF985300E0B99D /* RandomStart.swift */,
				23CA97D024BF934D00E0B99D /* TableCell.swift */,
				23CA97BC24BF651A00E0B99D /* MockServer.swift */,
				23CA97B824BF5EE200E0B99D /* UIConstants.swift */,
				23CA974724BF5C5400E0B99D /* AddressSelectionView.swift */,
				23CA975B24BF5C5600E0B99D /* AddressSelectionViewController.swift */,
				23CA977724BF5C5900E0B99D /* AddressView.swift */,
				23CA977424BF5C5900E0B99D /* CartViewController.swift */,
				23CA975C24BF5C5600E0B99D /* CheckoutViewController.swift */,
				23CA976824BF5C5700E0B99D /* DeliveryController.swift */,
				23CA974A24BF5C5400E0B99D /* ErrorMessage.swift */,
				23CA976624BF5C5700E0B99D /* Extension.swift */,
				23CA976C24BF5C5800E0B99D /* GenericTableViewController.swift */,
				23CA975624BF5C5500E0B99D /* ImageLibrary.swift */,
				23CA974F24BF5C5500E0B99D /* InvoiceItemView.swift */,
				23CA976024BF5C5600E0B99D /* InvoiceViewController.swift */,
				23CA976D24BF5C5800E0B99D /* ItemCell.swift */,
				23CA974E24BF5C5500E0B99D /* ItemView.swift */,
				23CA976224BF5C5700E0B99D /* KeyboardTextView.swift */,
				23CA977224BF5C5900E0B99D /* Menu.swift */,
				23CA974924BF5C5400E0B99D /* MenuController.swift */,
				23CA975024BF5C5500E0B99D /* MenuView.swift */,
				23CA975424BF5C5500E0B99D /* Order.swift */,
				23CA975124BF5C5500E0B99D /* OrderItemController.swift */,
				23CA976424BF5C5700E0B99D /* OrderItemView.swift */,
				23CA976A24BF5C5800E0B99D /* OrderViewController.swift */,
				23CA975D24BF5C5600E0B99D /* PaymentController.swift */,
				23CA975224BF5C5500E0B99D /* RemoteServer.swift */,
				23CA974D24BF5C5500E0B99D /* SectionHeaderView.swift */,
				23CA977924BF5C5900E0B99D /* Server.swift */,
				23CA976524BF5C5700E0B99D /* ServerProtocol.swift */,
				23CA977A24BF5C5900E0B99D /* SizedTableView.swift */,
				23CA977124BF5C5800E0B99D /* SizedTextView.swift */,
				23CA976124BF5C5600E0B99D /* Storage.swift */,
				23CA977624BF5C5900E0B99D /* UIFactory.swift */,
				23CA976924BF5C5700E0B99D /* WelcomeViewController.swift */,
				23CA97BA24BF615E00E0B99D /* Shim.swift */,
				23CA97CC24BF84F000E0B99D /* ApplicationObjectModel.swift */,
				23CA97CE24BF91B000E0B99D /* UIGoodies.swift */,
				233D9B0A24C18EB200E037FF /* CustomeNavigationBar.swift */,
				233D9B1C24C1FB6C00E037FF /* Counter.swift */,
			);
			path = src;
			sourceTree = "<group>";
		};
		23CA97C324BF802800E0B99D /* hiraafood-xcode-10-Tests */ = {
			isa = PBXGroup;
			children = (
				23CA97C424BF802800E0B99D /* hiraafood_xcode_10_Tests.swift */,
				23CA97C624BF802800E0B99D /* Info.plist */,
			);
			path = "hiraafood-xcode-10-Tests";
			sourceTree = "<group>";
		};
/* End PBXGroup section */

/* Begin PBXNativeTarget section */
		233D9B0F24C1F3ED00E037FF /* hiraafood-xcode-10UITests */ = {
			isa = PBXNativeTarget;
			buildConfigurationList = 233D9B1724C1F3ED00E037FF /* Build configuration list for PBXNativeTarget "hiraafood-xcode-10UITests" */;
			buildPhases = (
				233D9B0C24C1F3ED00E037FF /* Sources */,
				233D9B0D24C1F3ED00E037FF /* Frameworks */,
				233D9B0E24C1F3ED00E037FF /* Resources */,
			);
			buildRules = (
			);
			dependencies = (
				233D9B1624C1F3ED00E037FF /* PBXTargetDependency */,
			);
			name = "hiraafood-xcode-10UITests";
			productName = "hiraafood-xcode-10UITests";
			productReference = 233D9B1024C1F3ED00E037FF /* hiraafood-xcode-10UITests.xctest */;
			productType = "com.apple.product-type.bundle.ui-testing";
		};
		23CA973024BF578B00E0B99D /* hiraafood-xcode-10 */ = {
			isa = PBXNativeTarget;
			buildConfigurationList = 23CA974324BF579100E0B99D /* Build configuration list for PBXNativeTarget "hiraafood-xcode-10" */;
			buildPhases = (
				23CA972D24BF578B00E0B99D /* Sources */,
				23CA972E24BF578B00E0B99D /* Frameworks */,
				23CA972F24BF578B00E0B99D /* Resources */,
				23CA97B724BF5E0F00E0B99D /* Embed Frameworks */,
			);
			buildRules = (
			);
			dependencies = (
			);
			name = "hiraafood-xcode-10";
			productName = "hiraafood-xcode-10";
			productReference = 23CA973124BF578B00E0B99D /* hiraafood-xcode-10.app */;
			productType = "com.apple.product-type.application";
		};
		23CA97C124BF802800E0B99D /* hiraafood-xcode-10-Tests */ = {
			isa = PBXNativeTarget;
			buildConfigurationList = 23CA97C924BF802800E0B99D /* Build configuration list for PBXNativeTarget "hiraafood-xcode-10-Tests" */;
			buildPhases = (
				23CA97BE24BF802800E0B99D /* Sources */,
				23CA97BF24BF802800E0B99D /* Frameworks */,
				23CA97C024BF802800E0B99D /* Resources */,
			);
			buildRules = (
			);
			dependencies = (
				23CA97C824BF802800E0B99D /* PBXTargetDependency */,
			);
			name = "hiraafood-xcode-10-Tests";
			productName = "hiraafood-xcode-10-Tests";
			productReference = 23CA97C224BF802800E0B99D /* hiraafood-xcode-10-Tests.xctest */;
			productType = "com.apple.product-type.bundle.unit-test";
		};
/* End PBXNativeTarget section */

/* Begin PBXProject section */
		23CA972924BF578B00E0B99D /* Project object */ = {
			isa = PBXProject;
			attributes = {
				LastSwiftUpdateCheck = 1020;
				LastUpgradeCheck = 1020;
				ORGANIZATIONNAME = "Digital Artisan";
				TargetAttributes = {
					233D9B0F24C1F3ED00E037FF = {
						CreatedOnToolsVersion = 10.2;
						TestTargetID = 23CA973024BF578B00E0B99D;
					};
					23CA973024BF578B00E0B99D = {
						CreatedOnToolsVersion = 10.2;
					};
					23CA97C124BF802800E0B99D = {
						CreatedOnToolsVersion = 10.2;
						TestTargetID = 23CA973024BF578B00E0B99D;
					};
				};
			};
			buildConfigurationList = 23CA972C24BF578B00E0B99D /* Build configuration list for PBXProject "hiraafood-xcode-10" */;
			compatibilityVersion = "Xcode 9.3";
			developmentRegion = en;
			hasScannedForEncodings = 0;
			knownRegions = (
				en,
				Base,
			);
			mainGroup = 23CA972824BF578B00E0B99D;
			productRefGroup = 23CA973224BF578B00E0B99D /* Products */;
			projectDirPath = "";
			projectRoot = "";
			targets = (
				23CA973024BF578B00E0B99D /* hiraafood-xcode-10 */,
				23CA97C124BF802800E0B99D /* hiraafood-xcode-10-Tests */,
				233D9B0F24C1F3ED00E037FF /* hiraafood-xcode-10UITests */,
			);
		};
/* End PBXProject section */

/* Begin PBXResourcesBuildPhase section */
		233D9B0E24C1F3ED00E037FF /* Resources */ = {
			isa = PBXResourcesBuildPhase;
			buildActionMask = 2147483647;
			files = (
			);
			runOnlyForDeploymentPostprocessing = 0;
		};
		23CA972F24BF578B00E0B99D /* Resources */ = {
			isa = PBXResourcesBuildPhase;
			buildActionMask = 2147483647;
			files = (
				23CA973F24BF579100E0B99D /* LaunchScreen.storyboard in Resources */,
				23CA973C24BF579100E0B99D /* Assets.xcassets in Resources */,
			);
			runOnlyForDeploymentPostprocessing = 0;
		};
		23CA97C024BF802800E0B99D /* Resources */ = {
			isa = PBXResourcesBuildPhase;
			buildActionMask = 2147483647;
			files = (
			);
			runOnlyForDeploymentPostprocessing = 0;
		};
/* End PBXResourcesBuildPhase section */

/* Begin PBXSourcesBuildPhase section */
		233D9B0C24C1F3ED00E037FF /* Sources */ = {
			isa = PBXSourcesBuildPhase;
			buildActionMask = 2147483647;
			files = (
				233D9B6824C1FC5500E037FF /* Server.swift in Sources */,
				233D9B6E24C1FC5500E037FF /* Shim.swift in Sources */,
				233D9B6D24C1FC5500E037FF /* WelcomeViewController.swift in Sources */,
				233D9B4E24C1FC5500E037FF /* MockServer.swift in Sources */,
				233D9B2624C1FC4900E037FF /* TableCell.swift in Sources */,
				233D9B6B24C1FC5500E037FF /* SizedTextView.swift in Sources */,
				233D9B6624C1FC5500E037FF /* RemoteServer.swift in Sources */,
				233D9B6424C1FC5500E037FF /* OrderViewController.swift in Sources */,
				233D9B6224C1FC5500E037FF /* OrderItemController.swift in Sources */,
				233D9B4F24C1FC5500E037FF /* AddressSelectionView.swift in Sources */,
				233D9B5924C1FC5500E037FF /* InvoiceItemView.swift in Sources */,
				233D9B1F24C1FBF100E037FF /* Counter.swift in Sources */,
				233D9B2124C1FC1B00E037FF /* ApplicationObjectModel.swift in Sources */,
				233D9B6124C1FC5500E037FF /* Order.swift in Sources */,
				233D9B5124C1FC5500E037FF /* AddressView.swift in Sources */,
				233D9B5324C1FC5500E037FF /* CheckoutViewController.swift in Sources */,
				233D9B5C24C1FC5500E037FF /* ItemView.swift in Sources */,
				233D9B5A24C1FC5500E037FF /* InvoiceViewController.swift in Sources */,
				233D9B5224C1FC5500E037FF /* CartViewController.swift in Sources */,
				233D9B4D24C1FC5500E037FF /* RandomStart.swift in Sources */,
				233D9B2924C1FC4E00E037FF /* UIConstants.swift in Sources */,
				233D9B5624C1FC5500E037FF /* Extension.swift in Sources */,
				233D9B5E24C1FC5500E037FF /* Menu.swift in Sources */,
				233D9B2324C1FC3A00E037FF /* UIGoodies.swift in Sources */,
				233D9B5B24C1FC5500E037FF /* ItemCell.swift in Sources */,
				233D9B6A24C1FC5500E037FF /* SizedTableView.swift in Sources */,
				233D9B6524C1FC5500E037FF /* PaymentController.swift in Sources */,
				233D9B5024C1FC5500E037FF /* AddressSelectionViewController.swift in Sources */,
				233D9B5524C1FC5500E037FF /* ErrorMessage.swift in Sources */,
				233D9B5D24C1FC5500E037FF /* KeyboardTextView.swift in Sources */,
				233D9B6F24C1FC5500E037FF /* CustomeNavigationBar.swift in Sources */,
				233D9B7224C1FDD200E037FF /* AppDelegate.swift in Sources */,
				233D9B6324C1FC5500E037FF /* OrderItemView.swift in Sources */,
				233D9B1324C1F3ED00E037FF /* hiraafood_xcode_10UITests.swift in Sources */,
				233D9B6724C1FC5500E037FF /* SectionHeaderView.swift in Sources */,
				233D9B2524C1FC4300E037FF /* UIFactory.swift in Sources */,
				233D9B6024C1FC5500E037FF /* MenuView.swift in Sources */,
				233D9B5724C1FC5500E037FF /* GenericTableViewController.swift in Sources */,
				233D9B6924C1FC5500E037FF /* ServerProtocol.swift in Sources */,
				233D9B5424C1FC5500E037FF /* DeliveryController.swift in Sources */,
				233D9B5F24C1FC5500E037FF /* MenuController.swift in Sources */,
				233D9B5824C1FC5500E037FF /* ImageLibrary.swift in Sources */,
				233D9B6C24C1FC5500E037FF /* Storage.swift in Sources */,
			);
			runOnlyForDeploymentPostprocessing = 0;
		};
		23CA972D24BF578B00E0B99D /* Sources */ = {
			isa = PBXSourcesBuildPhase;
			buildActionMask = 2147483647;
			files = (
				23CA978C24BF5C5A00E0B99D /* ImageLibrary.swift in Sources */,
				23CA97A224BF5C5A00E0B99D /* GenericTableViewController.swift in Sources */,
				23CA979724BF5C5A00E0B99D /* Storage.swift in Sources */,
				23CA977F24BF5C5A00E0B99D /* MenuController.swift in Sources */,
				23CA97BD24BF651A00E0B99D /* MockServer.swift in Sources */,
				23CA978524BF5C5A00E0B99D /* InvoiceItemView.swift in Sources */,
				23CA979F24BF5C5A00E0B99D /* WelcomeViewController.swift in Sources */,
				23CA978324BF5C5A00E0B99D /* SectionHeaderView.swift in Sources */,
				23CA97BB24BF615E00E0B99D /* Shim.swift in Sources */,
				23CA979124BF5C5A00E0B99D /* AddressSelectionViewController.swift in Sources */,
				23CA979624BF5C5A00E0B99D /* InvoiceViewController.swift in Sources */,
				23CA97CD24BF84F000E0B99D /* ApplicationObjectModel.swift in Sources */,
				23CA978424BF5C5A00E0B99D /* ItemView.swift in Sources */,
				23CA97AD24BF5C5A00E0B99D /* AddressView.swift in Sources */,
				23CA979C24BF5C5A00E0B99D /* Extension.swift in Sources */,
				23CA979224BF5C5A00E0B99D /* CheckoutViewController.swift in Sources */,
				23CA978824BF5C5A00E0B99D /* RemoteServer.swift in Sources */,
				23CA97A824BF5C5A00E0B99D /* Menu.swift in Sources */,
				23CA978624BF5C5A00E0B99D /* MenuView.swift in Sources */,
				23CA97A324BF5C5A00E0B99D /* ItemCell.swift in Sources */,
				233D9B1D24C1FB6C00E037FF /* Counter.swift in Sources */,
				23CA978024BF5C5A00E0B99D /* ErrorMessage.swift in Sources */,
				23CA97AC24BF5C5A00E0B99D /* UIFactory.swift in Sources */,
				23CA977D24BF5C5A00E0B99D /* AddressSelectionView.swift in Sources */,
				23CA97D324BF985400E0B99D /* RandomStart.swift in Sources */,
				23CA97D124BF934D00E0B99D /* TableCell.swift in Sources */,
				23CA979B24BF5C5A00E0B99D /* ServerProtocol.swift in Sources */,
				23CA97A724BF5C5A00E0B99D /* SizedTextView.swift in Sources */,
				23CA979824BF5C5A00E0B99D /* KeyboardTextView.swift in Sources */,
				23CA97B024BF5C5A00E0B99D /* SizedTableView.swift in Sources */,
				233D9B0B24C18EB200E037FF /* CustomeNavigationBar.swift in Sources */,
				23CA978A24BF5C5A00E0B99D /* Order.swift in Sources */,
				23CA979E24BF5C5A00E0B99D /* DeliveryController.swift in Sources */,
				23CA979324BF5C5A00E0B99D /* PaymentController.swift in Sources */,
				23CA973524BF578B00E0B99D /* AppDelegate.swift in Sources */,
				23CA979A24BF5C5A00E0B99D /* OrderItemView.swift in Sources */,
				23CA97AA24BF5C5A00E0B99D /* CartViewController.swift in Sources */,
				23CA97CF24BF91B000E0B99D /* UIGoodies.swift in Sources */,
				23CA97A024BF5C5A00E0B99D /* OrderViewController.swift in Sources */,
				23CA978724BF5C5A00E0B99D /* OrderItemController.swift in Sources */,
				23CA97B924BF5EE200E0B99D /* UIConstants.swift in Sources */,
				23CA97AF24BF5C5A00E0B99D /* Server.swift in Sources */,
			);
			runOnlyForDeploymentPostprocessing = 0;
		};
		23CA97BE24BF802800E0B99D /* Sources */ = {
			isa = PBXSourcesBuildPhase;
			buildActionMask = 2147483647;
			files = (
				233D9B4524C1FC5400E037FF /* Server.swift in Sources */,
				233D9B4B24C1FC5400E037FF /* Shim.swift in Sources */,
				233D9B4A24C1FC5400E037FF /* WelcomeViewController.swift in Sources */,
				233D9B2B24C1FC5400E037FF /* MockServer.swift in Sources */,
				233D9B2724C1FC4A00E037FF /* TableCell.swift in Sources */,
				233D9B4824C1FC5400E037FF /* SizedTextView.swift in Sources */,
				233D9B4324C1FC5400E037FF /* RemoteServer.swift in Sources */,
				233D9B4124C1FC5400E037FF /* OrderViewController.swift in Sources */,
				233D9B3F24C1FC5400E037FF /* OrderItemController.swift in Sources */,
				233D9B2C24C1FC5400E037FF /* AddressSelectionView.swift in Sources */,
				233D9B3624C1FC5400E037FF /* InvoiceItemView.swift in Sources */,
				233D9B1E24C1FBF000E037FF /* Counter.swift in Sources */,
				233D9B2024C1FC1A00E037FF /* ApplicationObjectModel.swift in Sources */,
				233D9B3E24C1FC5400E037FF /* Order.swift in Sources */,
				233D9B2E24C1FC5400E037FF /* AddressView.swift in Sources */,
				233D9B3024C1FC5400E037FF /* CheckoutViewController.swift in Sources */,
				233D9B3924C1FC5400E037FF /* ItemView.swift in Sources */,
				233D9B3724C1FC5400E037FF /* InvoiceViewController.swift in Sources */,
				233D9B2F24C1FC5400E037FF /* CartViewController.swift in Sources */,
				233D9B2A24C1FC5400E037FF /* RandomStart.swift in Sources */,
				233D9B2824C1FC4E00E037FF /* UIConstants.swift in Sources */,
				233D9B3324C1FC5400E037FF /* Extension.swift in Sources */,
				233D9B3B24C1FC5400E037FF /* Menu.swift in Sources */,
				233D9B2224C1FC3A00E037FF /* UIGoodies.swift in Sources */,
				233D9B3824C1FC5400E037FF /* ItemCell.swift in Sources */,
				233D9B4724C1FC5400E037FF /* SizedTableView.swift in Sources */,
				233D9B4224C1FC5400E037FF /* PaymentController.swift in Sources */,
				233D9B2D24C1FC5400E037FF /* AddressSelectionViewController.swift in Sources */,
				233D9B3224C1FC5400E037FF /* ErrorMessage.swift in Sources */,
				233D9B3A24C1FC5400E037FF /* KeyboardTextView.swift in Sources */,
				233D9B4C24C1FC5400E037FF /* CustomeNavigationBar.swift in Sources */,
				233D9B7124C1FDD200E037FF /* AppDelegate.swift in Sources */,
				233D9B4024C1FC5400E037FF /* OrderItemView.swift in Sources */,
				23CA97C524BF802800E0B99D /* hiraafood_xcode_10_Tests.swift in Sources */,
				233D9B4424C1FC5400E037FF /* SectionHeaderView.swift in Sources */,
				233D9B2424C1FC4200E037FF /* UIFactory.swift in Sources */,
				233D9B3D24C1FC5400E037FF /* MenuView.swift in Sources */,
				233D9B3424C1FC5400E037FF /* GenericTableViewController.swift in Sources */,
				233D9B4624C1FC5400E037FF /* ServerProtocol.swift in Sources */,
				233D9B3124C1FC5400E037FF /* DeliveryController.swift in Sources */,
				233D9B3C24C1FC5400E037FF /* MenuController.swift in Sources */,
				233D9B3524C1FC5400E037FF /* ImageLibrary.swift in Sources */,
				233D9B4924C1FC5400E037FF /* Storage.swift in Sources */,
			);
			runOnlyForDeploymentPostprocessing = 0;
		};
/* End PBXSourcesBuildPhase section */

/* Begin PBXTargetDependency section */
		233D9B1624C1F3ED00E037FF /* PBXTargetDependency */ = {
			isa = PBXTargetDependency;
			target = 23CA973024BF578B00E0B99D /* hiraafood-xcode-10 */;
			targetProxy = 233D9B1524C1F3ED00E037FF /* PBXContainerItemProxy */;
		};
		23CA97C824BF802800E0B99D /* PBXTargetDependency */ = {
			isa = PBXTargetDependency;
			target = 23CA973024BF578B00E0B99D /* hiraafood-xcode-10 */;
			targetProxy = 23CA97C724BF802800E0B99D /* PBXContainerItemProxy */;
		};
/* End PBXTargetDependency section */

/* Begin PBXVariantGroup section */
		23CA973D24BF579100E0B99D /* LaunchScreen.storyboard */ = {
			isa = PBXVariantGroup;
			children = (
				23CA973E24BF579100E0B99D /* Base */,
			);
			name = LaunchScreen.storyboard;
			sourceTree = "<group>";
		};
/* End PBXVariantGroup section */

/* Begin XCBuildConfiguration section */
		233D9B1824C1F3ED00E037FF /* Debug */ = {
			isa = XCBuildConfiguration;
			buildSettings = {
				CODE_SIGN_STYLE = Automatic;
				DEVELOPMENT_TEAM = 5BP4LR4639;
				FRAMEWORK_SEARCH_PATHS = (
					"$(inherited)",
					"$(PROJECT_DIR)/hiraafood-xcode-10",
				);
				INFOPLIST_FILE = "hiraafood-xcode-10UITests/Info.plist";
				LD_RUNPATH_SEARCH_PATHS = (
					"$(inherited)",
					"@executable_path/Frameworks",
					"@loader_path/Frameworks",
				);
				PRODUCT_BUNDLE_IDENTIFIER = "digital-artisan.us.hiraafood-xcode-10UITests";
				PRODUCT_NAME = "$(TARGET_NAME)";
				SWIFT_VERSION = 5.0;
				TARGETED_DEVICE_FAMILY = "1,2";
				TEST_TARGET_NAME = "hiraafood-xcode-10";
			};
			name = Debug;
		};
		233D9B1924C1F3ED00E037FF /* Release */ = {
			isa = XCBuildConfiguration;
			buildSettings = {
				CODE_SIGN_STYLE = Automatic;
				DEVELOPMENT_TEAM = 5BP4LR4639;
				FRAMEWORK_SEARCH_PATHS = (
					"$(inherited)",
					"$(PROJECT_DIR)/hiraafood-xcode-10",
				);
				INFOPLIST_FILE = "hiraafood-xcode-10UITests/Info.plist";
				LD_RUNPATH_SEARCH_PATHS = (
					"$(inherited)",
					"@executable_path/Frameworks",
					"@loader_path/Frameworks",
				);
				PRODUCT_BUNDLE_IDENTIFIER = "digital-artisan.us.hiraafood-xcode-10UITests";
				PRODUCT_NAME = "$(TARGET_NAME)";
				SWIFT_VERSION = 5.0;
				TARGETED_DEVICE_FAMILY = "1,2";
				TEST_TARGET_NAME = "hiraafood-xcode-10";
			};
			name = Release;
		};
		23CA974124BF579100E0B99D /* Debug */ = {
			isa = XCBuildConfiguration;
			buildSettings = {
				ALWAYS_SEARCH_USER_PATHS = NO;
				CLANG_ANALYZER_NONNULL = YES;
				CLANG_ANALYZER_NUMBER_OBJECT_CONVERSION = YES_AGGRESSIVE;
				CLANG_CXX_LANGUAGE_STANDARD = "gnu++14";
				CLANG_CXX_LIBRARY = "libc++";
				CLANG_ENABLE_MODULES = YES;
				CLANG_ENABLE_OBJC_ARC = YES;
				CLANG_ENABLE_OBJC_WEAK = YES;
				CLANG_WARN_BLOCK_CAPTURE_AUTORELEASING = YES;
				CLANG_WARN_BOOL_CONVERSION = YES;
				CLANG_WARN_COMMA = YES;
				CLANG_WARN_CONSTANT_CONVERSION = YES;
				CLANG_WARN_DEPRECATED_OBJC_IMPLEMENTATIONS = YES;
				CLANG_WARN_DIRECT_OBJC_ISA_USAGE = YES_ERROR;
				CLANG_WARN_DOCUMENTATION_COMMENTS = YES;
				CLANG_WARN_EMPTY_BODY = YES;
				CLANG_WARN_ENUM_CONVERSION = YES;
				CLANG_WARN_INFINITE_RECURSION = YES;
				CLANG_WARN_INT_CONVERSION = YES;
				CLANG_WARN_NON_LITERAL_NULL_CONVERSION = YES;
				CLANG_WARN_OBJC_IMPLICIT_RETAIN_SELF = YES;
				CLANG_WARN_OBJC_LITERAL_CONVERSION = YES;
				CLANG_WARN_OBJC_ROOT_CLASS = YES_ERROR;
				CLANG_WARN_RANGE_LOOP_ANALYSIS = YES;
				CLANG_WARN_STRICT_PROTOTYPES = YES;
				CLANG_WARN_SUSPICIOUS_MOVE = YES;
				CLANG_WARN_UNGUARDED_AVAILABILITY = YES_AGGRESSIVE;
				CLANG_WARN_UNREACHABLE_CODE = YES;
				CLANG_WARN__DUPLICATE_METHOD_MATCH = YES;
				CODE_SIGN_IDENTITY = "iPhone Developer";
				COPY_PHASE_STRIP = NO;
				DEBUG_INFORMATION_FORMAT = dwarf;
				ENABLE_STRICT_OBJC_MSGSEND = YES;
				ENABLE_TESTABILITY = YES;
				GCC_C_LANGUAGE_STANDARD = gnu11;
				GCC_DYNAMIC_NO_PIC = NO;
				GCC_NO_COMMON_BLOCKS = YES;
				GCC_OPTIMIZATION_LEVEL = 0;
				GCC_PREPROCESSOR_DEFINITIONS = (
					"DEBUG=1",
					"$(inherited)",
				);
				GCC_WARN_64_TO_32_BIT_CONVERSION = YES;
				GCC_WARN_ABOUT_RETURN_TYPE = YES_ERROR;
				GCC_WARN_UNDECLARED_SELECTOR = YES;
				GCC_WARN_UNINITIALIZED_AUTOS = YES_AGGRESSIVE;
				GCC_WARN_UNUSED_FUNCTION = YES;
				GCC_WARN_UNUSED_VARIABLE = YES;
				IPHONEOS_DEPLOYMENT_TARGET = 12.2;
				MTL_ENABLE_DEBUG_INFO = INCLUDE_SOURCE;
				MTL_FAST_MATH = YES;
				ONLY_ACTIVE_ARCH = YES;
				SDKROOT = iphoneos;
				SWIFT_ACTIVE_COMPILATION_CONDITIONS = DEBUG;
				SWIFT_OPTIMIZATION_LEVEL = "-Onone";
			};
			name = Debug;
		};
		23CA974224BF579100E0B99D /* Release */ = {
			isa = XCBuildConfiguration;
			buildSettings = {
				ALWAYS_SEARCH_USER_PATHS = NO;
				CLANG_ANALYZER_NONNULL = YES;
				CLANG_ANALYZER_NUMBER_OBJECT_CONVERSION = YES_AGGRESSIVE;
				CLANG_CXX_LANGUAGE_STANDARD = "gnu++14";
				CLANG_CXX_LIBRARY = "libc++";
				CLANG_ENABLE_MODULES = YES;
				CLANG_ENABLE_OBJC_ARC = YES;
				CLANG_ENABLE_OBJC_WEAK = YES;
				CLANG_WARN_BLOCK_CAPTURE_AUTORELEASING = YES;
				CLANG_WARN_BOOL_CONVERSION = YES;
				CLANG_WARN_COMMA = YES;
				CLANG_WARN_CONSTANT_CONVERSION = YES;
				CLANG_WARN_DEPRECATED_OBJC_IMPLEMENTATIONS = YES;
				CLANG_WARN_DIRECT_OBJC_ISA_USAGE = YES_ERROR;
				CLANG_WARN_DOCUMENTATION_COMMENTS = YES;
				CLANG_WARN_EMPTY_BODY = YES;
				CLANG_WARN_ENUM_CONVERSION = YES;
				CLANG_WARN_INFINITE_RECURSION = YES;
				CLANG_WARN_INT_CONVERSION = YES;
				CLANG_WARN_NON_LITERAL_NULL_CONVERSION = YES;
				CLANG_WARN_OBJC_IMPLICIT_RETAIN_SELF = YES;
				CLANG_WARN_OBJC_LITERAL_CONVERSION = YES;
				CLANG_WARN_OBJC_ROOT_CLASS = YES_ERROR;
				CLANG_WARN_RANGE_LOOP_ANALYSIS = YES;
				CLANG_WARN_STRICT_PROTOTYPES = YES;
				CLANG_WARN_SUSPICIOUS_MOVE = YES;
				CLANG_WARN_UNGUARDED_AVAILABILITY = YES_AGGRESSIVE;
				CLANG_WARN_UNREACHABLE_CODE = YES;
				CLANG_WARN__DUPLICATE_METHOD_MATCH = YES;
				CODE_SIGN_IDENTITY = "iPhone Developer";
				COPY_PHASE_STRIP = NO;
				DEBUG_INFORMATION_FORMAT = "dwarf-with-dsym";
				ENABLE_NS_ASSERTIONS = NO;
				ENABLE_STRICT_OBJC_MSGSEND = YES;
				GCC_C_LANGUAGE_STANDARD = gnu11;
				GCC_NO_COMMON_BLOCKS = YES;
				GCC_WARN_64_TO_32_BIT_CONVERSION = YES;
				GCC_WARN_ABOUT_RETURN_TYPE = YES_ERROR;
				GCC_WARN_UNDECLARED_SELECTOR = YES;
				GCC_WARN_UNINITIALIZED_AUTOS = YES_AGGRESSIVE;
				GCC_WARN_UNUSED_FUNCTION = YES;
				GCC_WARN_UNUSED_VARIABLE = YES;
				IPHONEOS_DEPLOYMENT_TARGET = 12.2;
				MTL_ENABLE_DEBUG_INFO = NO;
				MTL_FAST_MATH = YES;
				SDKROOT = iphoneos;
				SWIFT_COMPILATION_MODE = wholemodule;
				SWIFT_OPTIMIZATION_LEVEL = "-O";
				VALIDATE_PRODUCT = YES;
			};
			name = Release;
		};
		23CA974424BF579100E0B99D /* Debug */ = {
			isa = XCBuildConfiguration;
			buildSettings = {
				ASSETCATALOG_COMPILER_APPICON_NAME = AppIcon;
				CODE_SIGN_STYLE = Automatic;
				DEFINE_MODULE = NO;
				DEVELOPMENT_TEAM = 5BP4LR4639;
				FRAMEWORK_SEARCH_PATHS = (
					"$(inherited)",
					"$(PROJECT_DIR)/hiraafood-xcode-10",
				);
				INFOPLIST_FILE = "hiraafood-xcode-10/Info.plist";
				LD_RUNPATH_SEARCH_PATHS = (
					"$(inherited)",
					"@executable_path/Frameworks",
				);
				PRODUCT_BUNDLE_IDENTIFIER = "digital-artisan.us.hiraafood-xcode-10";
				PRODUCT_NAME = "$(TARGET_NAME)";
				SWIFT_MODULE_NAME = hiraafood;
				SWIFT_VERSION = 5.0;
				TARGETED_DEVICE_FAMILY = "1,2";
			};
			name = Debug;
		};
		23CA974524BF579100E0B99D /* Release */ = {
			isa = XCBuildConfiguration;
			buildSettings = {
				ASSETCATALOG_COMPILER_APPICON_NAME = AppIcon;
				CODE_SIGN_STYLE = Automatic;
				DEFINE_MODULE = NO;
				DEVELOPMENT_TEAM = 5BP4LR4639;
				FRAMEWORK_SEARCH_PATHS = (
					"$(inherited)",
					"$(PROJECT_DIR)/hiraafood-xcode-10",
				);
				INFOPLIST_FILE = "hiraafood-xcode-10/Info.plist";
				LD_RUNPATH_SEARCH_PATHS = (
					"$(inherited)",
					"@executable_path/Frameworks",
				);
				PRODUCT_BUNDLE_IDENTIFIER = "digital-artisan.us.hiraafood-xcode-10";
				PRODUCT_NAME = "$(TARGET_NAME)";
				SWIFT_MODULE_NAME = hiraafood;
				SWIFT_VERSION = 5.0;
				TARGETED_DEVICE_FAMILY = "1,2";
			};
			name = Release;
		};
		23CA97CA24BF802800E0B99D /* Debug */ = {
			isa = XCBuildConfiguration;
			buildSettings = {
				BUNDLE_LOADER = "$(TEST_HOST)";
				CODE_SIGN_STYLE = Automatic;
				DEVELOPMENT_TEAM = 5BP4LR4639;
				FRAMEWORK_SEARCH_PATHS = (
					"$(inherited)",
					"$(PROJECT_DIR)/hiraafood-xcode-10",
				);
				INFOPLIST_FILE = "hiraafood-xcode-10-Tests/Info.plist";
				LD_RUNPATH_SEARCH_PATHS = (
					"$(inherited)",
					"@executable_path/Frameworks",
					"@loader_path/Frameworks",
				);
				PRODUCT_BUNDLE_IDENTIFIER = "digital-artisan.us.hiraafood-xcode-10-Tests";
				PRODUCT_NAME = "$(TARGET_NAME)";
				SWIFT_VERSION = 5.0;
				TARGETED_DEVICE_FAMILY = "1,2";
				TEST_HOST = "$(BUILT_PRODUCTS_DIR)/hiraafood-xcode-10.app/hiraafood-xcode-10";
			};
			name = Debug;
		};
		23CA97CB24BF802800E0B99D /* Release */ = {
			isa = XCBuildConfiguration;
			buildSettings = {
				BUNDLE_LOADER = "$(TEST_HOST)";
				CODE_SIGN_STYLE = Automatic;
				DEVELOPMENT_TEAM = 5BP4LR4639;
				FRAMEWORK_SEARCH_PATHS = (
					"$(inherited)",
					"$(PROJECT_DIR)/hiraafood-xcode-10",
				);
				INFOPLIST_FILE = "hiraafood-xcode-10-Tests/Info.plist";
				LD_RUNPATH_SEARCH_PATHS = (
					"$(inherited)",
					"@executable_path/Frameworks",
					"@loader_path/Frameworks",
				);
				PRODUCT_BUNDLE_IDENTIFIER = "digital-artisan.us.hiraafood-xcode-10-Tests";
				PRODUCT_NAME = "$(TARGET_NAME)";
				SWIFT_VERSION = 5.0;
				TARGETED_DEVICE_FAMILY = "1,2";
				TEST_HOST = "$(BUILT_PRODUCTS_DIR)/hiraafood-xcode-10.app/hiraafood-xcode-10";
			};
			name = Release;
		};
/* End XCBuildConfiguration section */

/* Begin XCConfigurationList section */
		233D9B1724C1F3ED00E037FF /* Build configuration list for PBXNativeTarget "hiraafood-xcode-10UITests" */ = {
			isa = XCConfigurationList;
			buildConfigurations = (
				233D9B1824C1F3ED00E037FF /* Debug */,
				233D9B1924C1F3ED00E037FF /* Release */,
			);
			defaultConfigurationIsVisible = 0;
			defaultConfigurationName = Release;
		};
		23CA972C24BF578B00E0B99D /* Build configuration list for PBXProject "hiraafood-xcode-10" */ = {
			isa = XCConfigurationList;
			buildConfigurations = (
				23CA974124BF579100E0B99D /* Debug */,
				23CA974224BF579100E0B99D /* Release */,
			);
			defaultConfigurationIsVisible = 0;
			defaultConfigurationName = Release;
		};
		23CA974324BF579100E0B99D /* Build configuration list for PBXNativeTarget "hiraafood-xcode-10" */ = {
			isa = XCConfigurationList;
			buildConfigurations = (
				23CA974424BF579100E0B99D /* Debug */,
				23CA974524BF579100E0B99D /* Release */,
			);
			defaultConfigurationIsVisible = 0;
			defaultConfigurationName = Release;
		};
		23CA97C924BF802800E0B99D /* Build configuration list for PBXNativeTarget "hiraafood-xcode-10-Tests" */ = {
			isa = XCConfigurationList;
			buildConfigurations = (
				23CA97CA24BF802800E0B99D /* Debug */,
				23CA97CB24BF802800E0B99D /* Release */,
			);
			defaultConfigurationIsVisible = 0;
			defaultConfigurationName = Release;
		};
/* End XCConfigurationList section */
	};
	rootObject = 23CA972924BF578B00E0B99D /* Project object */;
}
