// !$*UTF8*$!
{
	archiveVersion = 1;
	classes = {
	};
	objectVersion = 50;
	objects = {

/* Begin PBXBuildFile section */
		23CA973524BF578B00E0B99D /* AppDelegate.swift in Sources */ = {isa = PBXBuildFile; fileRef = 23CA973424BF578B00E0B99D /* AppDelegate.swift */; };
		23CA973724BF578B00E0B99D /* ViewController.swift in Sources */ = {isa = PBXBuildFile; fileRef = 23CA973624BF578B00E0B99D /* ViewController.swift */; };
		23CA973A24BF578B00E0B99D /* Main.storyboard in Resources */ = {isa = PBXBuildFile; fileRef = 23CA973824BF578B00E0B99D /* Main.storyboard */; };
		23CA973C24BF579100E0B99D /* Assets.xcassets in Resources */ = {isa = PBXBuildFile; fileRef = 23CA973B24BF579100E0B99D /* Assets.xcassets */; };
		23CA973F24BF579100E0B99D /* LaunchScreen.storyboard in Resources */ = {isa = PBXBuildFile; fileRef = 23CA973D24BF579100E0B99D /* LaunchScreen.storyboard */; };
/* End PBXBuildFile section */

/* Begin PBXFileReference section */
		23CA973124BF578B00E0B99D /* hiraafood-xcode-10.app */ = {isa = PBXFileReference; explicitFileType = wrapper.application; includeInIndex = 0; path = "hiraafood-xcode-10.app"; sourceTree = BUILT_PRODUCTS_DIR; };
		23CA973424BF578B00E0B99D /* AppDelegate.swift */ = {isa = PBXFileReference; lastKnownFileType = sourcecode.swift; path = AppDelegate.swift; sourceTree = "<group>"; };
		23CA973624BF578B00E0B99D /* ViewController.swift */ = {isa = PBXFileReference; lastKnownFileType = sourcecode.swift; path = ViewController.swift; sourceTree = "<group>"; };
		23CA973924BF578B00E0B99D /* Base */ = {isa = PBXFileReference; lastKnownFileType = file.storyboard; name = Base; path = Base.lproj/Main.storyboard; sourceTree = "<group>"; };
		23CA973B24BF579100E0B99D /* Assets.xcassets */ = {isa = PBXFileReference; lastKnownFileType = folder.assetcatalog; path = Assets.xcassets; sourceTree = "<group>"; };
		23CA973E24BF579100E0B99D /* Base */ = {isa = PBXFileReference; lastKnownFileType = file.storyboard; name = Base; path = Base.lproj/LaunchScreen.storyboard; sourceTree = "<group>"; };
		23CA974024BF579100E0B99D /* Info.plist */ = {isa = PBXFileReference; lastKnownFileType = text.plist.xml; path = Info.plist; sourceTree = "<group>"; };
/* End PBXFileReference section */

/* Begin PBXFrameworksBuildPhase section */
		23CA972E24BF578B00E0B99D /* Frameworks */ = {
			isa = PBXFrameworksBuildPhase;
			buildActionMask = 2147483647;
			files = (
			);
			runOnlyForDeploymentPostprocessing = 0;
		};
/* End PBXFrameworksBuildPhase section */

/* Begin PBXGroup section */
		23CA972824BF578B00E0B99D = {
			isa = PBXGroup;
			children = (
				23CA973324BF578B00E0B99D /* hiraafood-xcode-10 */,
				23CA973224BF578B00E0B99D /* Products */,
			);
			sourceTree = "<group>";
		};
		23CA973224BF578B00E0B99D /* Products */ = {
			isa = PBXGroup;
			children = (
				23CA973124BF578B00E0B99D /* hiraafood-xcode-10.app */,
			);
			name = Products;
			sourceTree = "<group>";
		};
		23CA973324BF578B00E0B99D /* hiraafood-xcode-10 */ = {
			isa = PBXGroup;
			children = (
				23CA973424BF578B00E0B99D /* AppDelegate.swift */,
				23CA973624BF578B00E0B99D /* ViewController.swift */,
				23CA973824BF578B00E0B99D /* Main.storyboard */,
				23CA973B24BF579100E0B99D /* Assets.xcassets */,
				23CA973D24BF579100E0B99D /* LaunchScreen.storyboard */,
				23CA974024BF579100E0B99D /* Info.plist */,
			);
			path = "hiraafood-xcode-10";
			sourceTree = "<group>";
		};
/* End PBXGroup section */

/* Begin PBXNativeTarget section */
		23CA973024BF578B00E0B99D /* hiraafood-xcode-10 */ = {
			isa = PBXNativeTarget;
			buildConfigurationList = 23CA974324BF579100E0B99D /* Build configuration list for PBXNativeTarget "hiraafood-xcode-10" */;
			buildPhases = (
				23CA972D24BF578B00E0B99D /* Sources */,
				23CA972E24BF578B00E0B99D /* Frameworks */,
				23CA972F24BF578B00E0B99D /* Resources */,
			);
			buildRules = (
			);
			dependencies = (
			);
			name = "hiraafood-xcode-10";
			productName = "hiraafood-xcode-10";
			productReference = 23CA973124BF578B00E0B99D /* hiraafood-xcode-10.app */;
			productType = "com.apple.product-type.application";
		};
/* End PBXNativeTarget section */

/* Begin PBXProject section */
		23CA972924BF578B00E0B99D /* Project object */ = {
			isa = PBXProject;
			attributes = {
				LastSwiftUpdateCheck = 1020;
				LastUpgradeCheck = 1020;
				ORGANIZATIONNAME = "Digital Artisan";
				TargetAttributes = {
					23CA973024BF578B00E0B99D = {
						CreatedOnToolsVersion = 10.2;
					};
				};
			};
			buildConfigurationList = 23CA972C24BF578B00E0B99D /* Build configuration list for PBXProject "hiraafood-xcode-10" */;
			compatibilityVersion = "Xcode 9.3";
			developmentRegion = en;
			hasScannedForEncodings = 0;
			knownRegions = (
				en,
				Base,
			);
			mainGroup = 23CA972824BF578B00E0B99D;
			productRefGroup = 23CA973224BF578B00E0B99D /* Products */;
			projectDirPath = "";
			projectRoot = "";
			targets = (
				23CA973024BF578B00E0B99D /* hiraafood-xcode-10 */,
			);
		};
/* End PBXProject section */

/* Begin PBXResourcesBuildPhase section */
		23CA972F24BF578B00E0B99D /* Resources */ = {
			isa = PBXResourcesBuildPhase;
			buildActionMask = 2147483647;
			files = (
				23CA973F24BF579100E0B99D /* LaunchScreen.storyboard in Resources */,
				23CA973C24BF579100E0B99D /* Assets.xcassets in Resources */,
				23CA973A24BF578B00E0B99D /* Main.storyboard in Resources */,
			);
			runOnlyForDeploymentPostprocessing = 0;
		};
/* End PBXResourcesBuildPhase section */

/* Begin PBXSourcesBuildPhase section */
		23CA972D24BF578B00E0B99D /* Sources */ = {
			isa = PBXSourcesBuildPhase;
			buildActionMask = 2147483647;
			files = (
				23CA973724BF578B00E0B99D /* ViewController.swift in Sources */,
				23CA973524BF578B00E0B99D /* AppDelegate.swift in Sources */,
			);
			runOnlyForDeploymentPostprocessing = 0;
		};
/* End PBXSourcesBuildPhase section */

/* Begin PBXVariantGroup section */
		23CA973824BF578B00E0B99D /* Main.storyboard */ = {
			isa = PBXVariantGroup;
			children = (
				23CA973924BF578B00E0B99D /* Base */,
			);
			name = Main.storyboard;
			sourceTree = "<group>";
		};
		23CA973D24BF579100E0B99D /* LaunchScreen.storyboard */ = {
			isa = PBXVariantGroup;
			children = (
				23CA973E24BF579100E0B99D /* Base */,
			);
			name = LaunchScreen.storyboard;
			sourceTree = "<group>";
		};
/* End PBXVariantGroup section */

/* Begin XCBuildConfiguration section */
		23CA974124BF579100E0B99D /* Debug */ = {
			isa = XCBuildConfiguration;
			buildSettings = {
				ALWAYS_SEARCH_USER_PATHS = NO;
				CLANG_ANALYZER_NONNULL = YES;
				CLANG_ANALYZER_NUMBER_OBJECT_CONVERSION = YES_AGGRESSIVE;
				CLANG_CXX_LANGUAGE_STANDARD = "gnu++14";
				CLANG_CXX_LIBRARY = "libc++";
				CLANG_ENABLE_MODULES = YES;
				CLANG_ENABLE_OBJC_ARC = YES;
				CLANG_ENABLE_OBJC_WEAK = YES;
				CLANG_WARN_BLOCK_CAPTURE_AUTORELEASING = YES;
				CLANG_WARN_BOOL_CONVERSION = YES;
				CLANG_WARN_COMMA = YES;
				CLANG_WARN_CONSTANT_CONVERSION = YES;
				CLANG_WARN_DEPRECATED_OBJC_IMPLEMENTATIONS = YES;
				CLANG_WARN_DIRECT_OBJC_ISA_USAGE = YES_ERROR;
				CLANG_WARN_DOCUMENTATION_COMMENTS = YES;
				CLANG_WARN_EMPTY_BODY = YES;
				CLANG_WARN_ENUM_CONVERSION = YES;
				CLANG_WARN_INFINITE_RECURSION = YES;
				CLANG_WARN_INT_CONVERSION = YES;
				CLANG_WARN_NON_LITERAL_NULL_CONVERSION = YES;
				CLANG_WARN_OBJC_IMPLICIT_RETAIN_SELF = YES;
				CLANG_WARN_OBJC_LITERAL_CONVERSION = YES;
				CLANG_WARN_OBJC_ROOT_CLASS = YES_ERROR;
				CLANG_WARN_RANGE_LOOP_ANALYSIS = YES;
				CLANG_WARN_STRICT_PROTOTYPES = YES;
				CLANG_WARN_SUSPICIOUS_MOVE = YES;
				CLANG_WARN_UNGUARDED_AVAILABILITY = YES_AGGRESSIVE;
				CLANG_WARN_UNREACHABLE_CODE = YES;
				CLANG_WARN__DUPLICATE_METHOD_MATCH = YES;
				CODE_SIGN_IDENTITY = "iPhone Developer";
				COPY_PHASE_STRIP = NO;
				DEBUG_INFORMATION_FORMAT = dwarf;
				ENABLE_STRICT_OBJC_MSGSEND = YES;
				ENABLE_TESTABILITY = YES;
				GCC_C_LANGUAGE_STANDARD = gnu11;
				GCC_DYNAMIC_NO_PIC = NO;
				GCC_NO_COMMON_BLOCKS = YES;
				GCC_OPTIMIZATION_LEVEL = 0;
				GCC_PREPROCESSOR_DEFINITIONS = (
					"DEBUG=1",
					"$(inherited)",
				);
				GCC_WARN_64_TO_32_BIT_CONVERSION = YES;
				GCC_WARN_ABOUT_RETURN_TYPE = YES_ERROR;
				GCC_WARN_UNDECLARED_SELECTOR = YES;
				GCC_WARN_UNINITIALIZED_AUTOS = YES_AGGRESSIVE;
				GCC_WARN_UNUSED_FUNCTION = YES;
				GCC_WARN_UNUSED_VARIABLE = YES;
				IPHONEOS_DEPLOYMENT_TARGET = 12.2;
				MTL_ENABLE_DEBUG_INFO = INCLUDE_SOURCE;
				MTL_FAST_MATH = YES;
				ONLY_ACTIVE_ARCH = YES;
				SDKROOT = iphoneos;
				SWIFT_ACTIVE_COMPILATION_CONDITIONS = DEBUG;
				SWIFT_OPTIMIZATION_LEVEL = "-Onone";
			};
			name = Debug;
		};
		23CA974224BF579100E0B99D /* Release */ = {
			isa = XCBuildConfiguration;
			buildSettings = {
				ALWAYS_SEARCH_USER_PATHS = NO;
				CLANG_ANALYZER_NONNULL = YES;
				CLANG_ANALYZER_NUMBER_OBJECT_CONVERSION = YES_AGGRESSIVE;
				CLANG_CXX_LANGUAGE_STANDARD = "gnu++14";
				CLANG_CXX_LIBRARY = "libc++";
				CLANG_ENABLE_MODULES = YES;
				CLANG_ENABLE_OBJC_ARC = YES;
				CLANG_ENABLE_OBJC_WEAK = YES;
				CLANG_WARN_BLOCK_CAPTURE_AUTORELEASING = YES;
				CLANG_WARN_BOOL_CONVERSION = YES;
				CLANG_WARN_COMMA = YES;
				CLANG_WARN_CONSTANT_CONVERSION = YES;
				CLANG_WARN_DEPRECATED_OBJC_IMPLEMENTATIONS = YES;
				CLANG_WARN_DIRECT_OBJC_ISA_USAGE = YES_ERROR;
				CLANG_WARN_DOCUMENTATION_COMMENTS = YES;
				CLANG_WARN_EMPTY_BODY = YES;
				CLANG_WARN_ENUM_CONVERSION = YES;
				CLANG_WARN_INFINITE_RECURSION = YES;
				CLANG_WARN_INT_CONVERSION = YES;
				CLANG_WARN_NON_LITERAL_NULL_CONVERSION = YES;
				CLANG_WARN_OBJC_IMPLICIT_RETAIN_SELF = YES;
				CLANG_WARN_OBJC_LITERAL_CONVERSION = YES;
				CLANG_WARN_OBJC_ROOT_CLASS = YES_ERROR;
				CLANG_WARN_RANGE_LOOP_ANALYSIS = YES;
				CLANG_WARN_STRICT_PROTOTYPES = YES;
				CLANG_WARN_SUSPICIOUS_MOVE = YES;
				CLANG_WARN_UNGUARDED_AVAILABILITY = YES_AGGRESSIVE;
				CLANG_WARN_UNREACHABLE_CODE = YES;
				CLANG_WARN__DUPLICATE_METHOD_MATCH = YES;
				CODE_SIGN_IDENTITY = "iPhone Developer";
				COPY_PHASE_STRIP = NO;
				DEBUG_INFORMATION_FORMAT = "dwarf-with-dsym";
				ENABLE_NS_ASSERTIONS = NO;
				ENABLE_STRICT_OBJC_MSGSEND = YES;
				GCC_C_LANGUAGE_STANDARD = gnu11;
				GCC_NO_COMMON_BLOCKS = YES;
				GCC_WARN_64_TO_32_BIT_CONVERSION = YES;
				GCC_WARN_ABOUT_RETURN_TYPE = YES_ERROR;
				GCC_WARN_UNDECLARED_SELECTOR = YES;
				GCC_WARN_UNINITIALIZED_AUTOS = YES_AGGRESSIVE;
				GCC_WARN_UNUSED_FUNCTION = YES;
				GCC_WARN_UNUSED_VARIABLE = YES;
				IPHONEOS_DEPLOYMENT_TARGET = 12.2;
				MTL_ENABLE_DEBUG_INFO = NO;
				MTL_FAST_MATH = YES;
				SDKROOT = iphoneos;
				SWIFT_COMPILATION_MODE = wholemodule;
				SWIFT_OPTIMIZATION_LEVEL = "-O";
				VALIDATE_PRODUCT = YES;
			};
			name = Release;
		};
		23CA974424BF579100E0B99D /* Debug */ = {
			isa = XCBuildConfiguration;
			buildSettings = {
				ASSETCATALOG_COMPILER_APPICON_NAME = AppIcon;
				CODE_SIGN_STYLE = Automatic;
				DEVELOPMENT_TEAM = 5BP4LR4639;
				INFOPLIST_FILE = "hiraafood-xcode-10/Info.plist";
				LD_RUNPATH_SEARCH_PATHS = (
					"$(inherited)",
					"@executable_path/Frameworks",
				);
				PRODUCT_BUNDLE_IDENTIFIER = "digital-artisan.us.hiraafood-xcode-10";
				PRODUCT_NAME = "$(TARGET_NAME)";
				SWIFT_VERSION = 5.0;
				TARGETED_DEVICE_FAMILY = "1,2";
			};
			name = Debug;
		};
		23CA974524BF579100E0B99D /* Release */ = {
			isa = XCBuildConfiguration;
			buildSettings = {
				ASSETCATALOG_COMPILER_APPICON_NAME = AppIcon;
				CODE_SIGN_STYLE = Automatic;
				DEVELOPMENT_TEAM = 5BP4LR4639;
				INFOPLIST_FILE = "hiraafood-xcode-10/Info.plist";
				LD_RUNPATH_SEARCH_PATHS = (
					"$(inherited)",
					"@executable_path/Frameworks",
				);
				PRODUCT_BUNDLE_IDENTIFIER = "digital-artisan.us.hiraafood-xcode-10";
				PRODUCT_NAME = "$(TARGET_NAME)";
				SWIFT_VERSION = 5.0;
				TARGETED_DEVICE_FAMILY = "1,2";
			};
			name = Release;
		};
/* End XCBuildConfiguration section */

/* Begin XCConfigurationList section */
		23CA972C24BF578B00E0B99D /* Build configuration list for PBXProject "hiraafood-xcode-10" */ = {
			isa = XCConfigurationList;
			buildConfigurations = (
				23CA974124BF579100E0B99D /* Debug */,
				23CA974224BF579100E0B99D /* Release */,
			);
			defaultConfigurationIsVisible = 0;
			defaultConfigurationName = Release;
		};
		23CA974324BF579100E0B99D /* Build configuration list for PBXNativeTarget "hiraafood-xcode-10" */ = {
			isa = XCConfigurationList;
			buildConfigurations = (
				23CA974424BF579100E0B99D /* Debug */,
				23CA974524BF579100E0B99D /* Release */,
			);
			defaultConfigurationIsVisible = 0;
			defaultConfigurationName = Release;
		};
/* End XCConfigurationList section */
	};
	rootObject = 23CA972924BF578B00E0B99D /* Project object */;
}
